
Microsoft Visual Studio Solution File, Format Version 12.00
# Visual Studio Version 17
VisualStudioVersion = 17.13.35806.99
MinimumVisualStudioVersion = 10.0.40219.1
Project("{FAE04EC0-301F-11D3-BF4B-00C04F79EFBC}") = "CodeWars", "CodeWars\CodeWars.csproj", "{F8F3EBA2-D246-41C0-A26F-E86145C5A36E}"
EndProject
Project("{FAE04EC0-301F-11D3-BF4B-00C04F79EFBC}") = "CodeWars.Test", "CodeWars.Test\CodeWars.Test.csproj", "{5DE78246-87EF-4D6C-9F5D-A8E33D02730F}"
EndProject
Project("{FAE04EC0-301F-11D3-BF4B-00C04F79EFBC}") = "LeetCode", "LeetCode\LeetCode.csproj", "{6556E173-FB87-4A16-B51D-614A4D79D8F8}"
EndProject
Project("{FAE04EC0-301F-11D3-BF4B-00C04F79EFBC}") = "LeetCode.Test", "LeetCode.Test\LeetCode.Test.csproj", "{AE5E345C-5699-4055-A21D-13AA9C929C0F}"
EndProject
Global
	GlobalSection(SolutionConfigurationPlatforms) = preSolution
		Debug|Any CPU = Debug|Any CPU
		Release|Any CPU = Release|Any CPU
	EndGlobalSection
	GlobalSection(ProjectConfigurationPlatforms) = postSolution
		{F8F3EBA2-D246-41C0-A26F-E86145C5A36E}.Debug|Any CPU.ActiveCfg = Debug|Any CPU
		{F8F3EBA2-D246-41C0-A26F-E86145C5A36E}.Debug|Any CPU.Build.0 = Debug|Any CPU
		{F8F3EBA2-D246-41C0-A26F-E86145C5A36E}.Release|Any CPU.ActiveCfg = Release|Any CPU
		{F8F3EBA2-D246-41C0-A26F-E86145C5A36E}.Release|Any CPU.Build.0 = Release|Any CPU
		{5DE78246-87EF-4D6C-9F5D-A8E33D02730F}.Debug|Any CPU.ActiveCfg = Debug|Any CPU
		{5DE78246-87EF-4D6C-9F5D-A8E33D02730F}.Debug|Any CPU.Build.0 = Debug|Any CPU
		{5DE78246-87EF-4D6C-9F5D-A8E33D02730F}.Release|Any CPU.ActiveCfg = Release|Any CPU
		{5DE78246-87EF-4D6C-9F5D-A8E33D02730F}.Release|Any CPU.Build.0 = Release|Any CPU
		{6556E173-FB87-4A16-B51D-614A4D79D8F8}.Debug|Any CPU.ActiveCfg = Debug|Any CPU
		{6556E173-FB87-4A16-B51D-614A4D79D8F8}.Debug|Any CPU.Build.0 = Debug|Any CPU
		{6556E173-FB87-4A16-B51D-614A4D79D8F8}.Release|Any CPU.ActiveCfg = Release|Any CPU
		{6556E173-FB87-4A16-B51D-614A4D79D8F8}.Release|Any CPU.Build.0 = Release|Any CPU
		{AE5E345C-5699-4055-A21D-13AA9C929C0F}.Debug|Any CPU.ActiveCfg = Debug|Any CPU
		{AE5E345C-5699-4055-A21D-13AA9C929C0F}.Debug|Any CPU.Build.0 = Debug|Any CPU
		{AE5E345C-5699-4055-A21D-13AA9C929C0F}.Release|Any CPU.ActiveCfg = Release|Any CPU
		{AE5E345C-5699-4055-A21D-13AA9C929C0F}.Release|Any CPU.Build.0 = Release|Any CPU
	EndGlobalSection
	GlobalSection(SolutionProperties) = preSolution
		HideSolutionNode = FALSE
	EndGlobalSection
	GlobalSection(ExtensibilityGlobals) = postSolution
		SolutionGuid = {35C4E64F-371F-4C41-9D80-FF93AB023902}
	EndGlobalSection
EndGlobal
